
Microsoft Visual Studio Solution File, Format Version 11.00
# Visual Studio 2010
Project("{FAE04EC0-301F-11D3-BF4B-00C04F79EFBC}") = "Pong", "Pong\Pong.csproj", "{51EDC6F4-2A4A-4E8A-99D2-6B126B3D7BAF}"
EndProject
Project("{FAE04EC0-301F-11D3-BF4B-00C04F79EFBC}") = "Lidgren.Network.MacOS", "..\MonoGame\ThirdParty\Lidgren.Network\Lidgren.Network.MacOS.csproj", "{AE483C29-042E-4226-BA52-D247CE7676DA}"
EndProject
Project("{FAE04EC0-301F-11D3-BF4B-00C04F79EFBC}") = "MonoGame.Framework.MacOS", "..\MonoGame\MonoGame.Framework\MonoGame.Framework.MacOS.csproj", "{36C538E6-C32A-4A8D-A39C-566173D7118E}"
EndProject
Global
	GlobalSection(SolutionConfigurationPlatforms) = preSolution
		Debug|x86 = Debug|x86
		Release|x86 = Release|x86
		AppStore|x86 = AppStore|x86
		Debug|iPhoneSimulator = Debug|iPhoneSimulator
		Release|iPhoneSimulator = Release|iPhoneSimulator
		Debug|iPhone = Debug|iPhone
		Release|iPhone = Release|iPhone
		Distribution|Any CPU = Distribution|Any CPU
	EndGlobalSection
	GlobalSection(ProjectConfigurationPlatforms) = postSolution
		{36C538E6-C32A-4A8D-A39C-566173D7118E}.AppStore|x86.ActiveCfg = Debug|Any CPU
		{36C538E6-C32A-4A8D-A39C-566173D7118E}.AppStore|x86.Build.0 = Debug|Any CPU
		{36C538E6-C32A-4A8D-A39C-566173D7118E}.Debug|iPhone.ActiveCfg = Debug|Any CPU
		{36C538E6-C32A-4A8D-A39C-566173D7118E}.Debug|iPhone.Build.0 = Debug|Any CPU
		{36C538E6-C32A-4A8D-A39C-566173D7118E}.Debug|iPhoneSimulator.ActiveCfg = Debug|Any CPU
		{36C538E6-C32A-4A8D-A39C-566173D7118E}.Debug|iPhoneSimulator.Build.0 = Debug|Any CPU
		{36C538E6-C32A-4A8D-A39C-566173D7118E}.Debug|x86.ActiveCfg = Debug|Any CPU
		{36C538E6-C32A-4A8D-A39C-566173D7118E}.Debug|x86.Build.0 = Debug|Any CPU
		{36C538E6-C32A-4A8D-A39C-566173D7118E}.Distribution|Any CPU.ActiveCfg = Distribution|Any CPU
		{36C538E6-C32A-4A8D-A39C-566173D7118E}.Distribution|Any CPU.Build.0 = Distribution|Any CPU
		{36C538E6-C32A-4A8D-A39C-566173D7118E}.Release|iPhone.ActiveCfg = Release|Any CPU
		{36C538E6-C32A-4A8D-A39C-566173D7118E}.Release|iPhone.Build.0 = Release|Any CPU
		{36C538E6-C32A-4A8D-A39C-566173D7118E}.Release|iPhoneSimulator.ActiveCfg = Release|Any CPU
		{36C538E6-C32A-4A8D-A39C-566173D7118E}.Release|iPhoneSimulator.Build.0 = Release|Any CPU
		{36C538E6-C32A-4A8D-A39C-566173D7118E}.Release|x86.ActiveCfg = Release|Any CPU
		{36C538E6-C32A-4A8D-A39C-566173D7118E}.Release|x86.Build.0 = Release|Any CPU
		{51EDC6F4-2A4A-4E8A-99D2-6B126B3D7BAF}.AppStore|x86.ActiveCfg = AppStore|x86
		{51EDC6F4-2A4A-4E8A-99D2-6B126B3D7BAF}.AppStore|x86.Build.0 = AppStore|x86
		{51EDC6F4-2A4A-4E8A-99D2-6B126B3D7BAF}.Debug|x86.ActiveCfg = Debug|x86
		{51EDC6F4-2A4A-4E8A-99D2-6B126B3D7BAF}.Debug|x86.Build.0 = Debug|x86
		{51EDC6F4-2A4A-4E8A-99D2-6B126B3D7BAF}.Release|x86.ActiveCfg = Release|x86
		{51EDC6F4-2A4A-4E8A-99D2-6B126B3D7BAF}.Release|x86.Build.0 = Release|x86
		{AE483C29-042E-4226-BA52-D247CE7676DA}.AppStore|x86.ActiveCfg = Debug|Any CPU
		{AE483C29-042E-4226-BA52-D247CE7676DA}.AppStore|x86.Build.0 = Debug|Any CPU
		{AE483C29-042E-4226-BA52-D247CE7676DA}.Debug|iPhone.ActiveCfg = Debug|Any CPU
		{AE483C29-042E-4226-BA52-D247CE7676DA}.Debug|iPhone.Build.0 = Debug|Any CPU
		{AE483C29-042E-4226-BA52-D247CE7676DA}.Debug|iPhoneSimulator.ActiveCfg = Debug|Any CPU
		{AE483C29-042E-4226-BA52-D247CE7676DA}.Debug|iPhoneSimulator.Build.0 = Debug|Any CPU
		{AE483C29-042E-4226-BA52-D247CE7676DA}.Debug|x86.ActiveCfg = Debug|Any CPU
		{AE483C29-042E-4226-BA52-D247CE7676DA}.Debug|x86.Build.0 = Debug|Any CPU
		{AE483C29-042E-4226-BA52-D247CE7676DA}.Distribution|Any CPU.ActiveCfg = Debug|Any CPU
		{AE483C29-042E-4226-BA52-D247CE7676DA}.Distribution|Any CPU.Build.0 = Debug|Any CPU
		{AE483C29-042E-4226-BA52-D247CE7676DA}.Release|iPhone.ActiveCfg = Release|Any CPU
		{AE483C29-042E-4226-BA52-D247CE7676DA}.Release|iPhone.Build.0 = Release|Any CPU
		{AE483C29-042E-4226-BA52-D247CE7676DA}.Release|iPhoneSimulator.ActiveCfg = Release|Any CPU
		{AE483C29-042E-4226-BA52-D247CE7676DA}.Release|iPhoneSimulator.Build.0 = Release|Any CPU
		{AE483C29-042E-4226-BA52-D247CE7676DA}.Release|x86.ActiveCfg = Release|Any CPU
		{AE483C29-042E-4226-BA52-D247CE7676DA}.Release|x86.Build.0 = Release|Any CPU
	EndGlobalSection
	GlobalSection(MonoDevelopProperties) = preSolution
		StartupItem = Pong\Pong.csproj
	EndGlobalSection
EndGlobal
